// !$*UTF8*$!
{
	archiveVersion = 1;
	classes = {
	};
	objectVersion = 46;
	objects = {

/* Begin PBXBuildFile section */
		1FCD81661B0B93E2001B217D /* main.m in Sources */ = {isa = PBXBuildFile; fileRef = 1FCD81651B0B93E2001B217D /* main.m */; };
		1FCD81691B0B93E2001B217D /* AppDelegate.m in Sources */ = {isa = PBXBuildFile; fileRef = 1FCD81681B0B93E2001B217D /* AppDelegate.m */; };
		1FCD816C1B0B93E2001B217D /* ViewController.m in Sources */ = {isa = PBXBuildFile; fileRef = 1FCD816B1B0B93E2001B217D /* ViewController.m */; };
		1FCD816F1B0B93E2001B217D /* Main.storyboard in Resources */ = {isa = PBXBuildFile; fileRef = 1FCD816D1B0B93E2001B217D /* Main.storyboard */; };
		1FCD81711B0B93E2001B217D /* Images.xcassets in Resources */ = {isa = PBXBuildFile; fileRef = 1FCD81701B0B93E2001B217D /* Images.xcassets */; };
		1FCD81741B0B93E2001B217D /* LaunchScreen.xib in Resources */ = {isa = PBXBuildFile; fileRef = 1FCD81721B0B93E2001B217D /* LaunchScreen.xib */; };
		1FCD81801B0B93E3001B217D /* AppSourceTests.m in Sources */ = {isa = PBXBuildFile; fileRef = 1FCD817F1B0B93E3001B217D /* AppSourceTests.m */; };
		1FCD818C1B0B9506001B217D /* ASAppSource.m in Sources */ = {isa = PBXBuildFile; fileRef = 1FCD818B1B0B9506001B217D /* ASAppSource.m */; };
		1FCD818F1B0C3BDD001B217D /* ASAppMetadata.m in Sources */ = {isa = PBXBuildFile; fileRef = 1FCD818E1B0C3BDD001B217D /* ASAppMetadata.m */; };
		1FCD81921B0F1BFD001B217D /* NSDictionary+ASNSDictionaryFilter.m in Sources */ = {isa = PBXBuildFile; fileRef = 1FCD81911B0F1BFD001B217D /* NSDictionary+ASNSDictionaryFilter.m */; };
/* End PBXBuildFile section */

/* Begin PBXContainerItemProxy section */
		1FCD817A1B0B93E3001B217D /* PBXContainerItemProxy */ = {
			isa = PBXContainerItemProxy;
			containerPortal = 1FCD81581B0B93E2001B217D /* Project object */;
			proxyType = 1;
			remoteGlobalIDString = 1FCD815F1B0B93E2001B217D;
			remoteInfo = AppSource;
		};
/* End PBXContainerItemProxy section */

/* Begin PBXFileReference section */
		1FCD81601B0B93E2001B217D /* AppSource.app */ = {isa = PBXFileReference; explicitFileType = wrapper.application; includeInIndex = 0; path = AppSource.app; sourceTree = BUILT_PRODUCTS_DIR; };
		1FCD81641B0B93E2001B217D /* Info.plist */ = {isa = PBXFileReference; lastKnownFileType = text.plist.xml; path = Info.plist; sourceTree = "<group>"; };
		1FCD81651B0B93E2001B217D /* main.m */ = {isa = PBXFileReference; lastKnownFileType = sourcecode.c.objc; path = main.m; sourceTree = "<group>"; };
		1FCD81671B0B93E2001B217D /* AppDelegate.h */ = {isa = PBXFileReference; lastKnownFileType = sourcecode.c.h; path = AppDelegate.h; sourceTree = "<group>"; };
		1FCD81681B0B93E2001B217D /* AppDelegate.m */ = {isa = PBXFileReference; lastKnownFileType = sourcecode.c.objc; path = AppDelegate.m; sourceTree = "<group>"; };
		1FCD816A1B0B93E2001B217D /* ViewController.h */ = {isa = PBXFileReference; lastKnownFileType = sourcecode.c.h; path = ViewController.h; sourceTree = "<group>"; };
		1FCD816B1B0B93E2001B217D /* ViewController.m */ = {isa = PBXFileReference; lastKnownFileType = sourcecode.c.objc; path = ViewController.m; sourceTree = "<group>"; };
		1FCD816E1B0B93E2001B217D /* Base */ = {isa = PBXFileReference; lastKnownFileType = file.storyboard; name = Base; path = Base.lproj/Main.storyboard; sourceTree = "<group>"; };
		1FCD81701B0B93E2001B217D /* Images.xcassets */ = {isa = PBXFileReference; lastKnownFileType = folder.assetcatalog; path = Images.xcassets; sourceTree = "<group>"; };
		1FCD81731B0B93E2001B217D /* Base */ = {isa = PBXFileReference; lastKnownFileType = file.xib; name = Base; path = Base.lproj/LaunchScreen.xib; sourceTree = "<group>"; };
		1FCD81791B0B93E3001B217D /* AppSourceTests.xctest */ = {isa = PBXFileReference; explicitFileType = wrapper.cfbundle; includeInIndex = 0; path = AppSourceTests.xctest; sourceTree = BUILT_PRODUCTS_DIR; };
		1FCD817E1B0B93E3001B217D /* Info.plist */ = {isa = PBXFileReference; lastKnownFileType = text.plist.xml; path = Info.plist; sourceTree = "<group>"; };
		1FCD817F1B0B93E3001B217D /* AppSourceTests.m */ = {isa = PBXFileReference; lastKnownFileType = sourcecode.c.objc; path = AppSourceTests.m; sourceTree = "<group>"; };
		1FCD818A1B0B9506001B217D /* ASAppSource.h */ = {isa = PBXFileReference; fileEncoding = 4; lastKnownFileType = sourcecode.c.h; path = ASAppSource.h; sourceTree = "<group>"; };
		1FCD818B1B0B9506001B217D /* ASAppSource.m */ = {isa = PBXFileReference; fileEncoding = 4; lastKnownFileType = sourcecode.c.objc; path = ASAppSource.m; sourceTree = "<group>"; };
		1FCD818D1B0C3BDD001B217D /* ASAppMetadata.h */ = {isa = PBXFileReference; fileEncoding = 4; lastKnownFileType = sourcecode.c.h; path = ASAppMetadata.h; sourceTree = "<group>"; };
		1FCD818E1B0C3BDD001B217D /* ASAppMetadata.m */ = {isa = PBXFileReference; fileEncoding = 4; lastKnownFileType = sourcecode.c.objc; path = ASAppMetadata.m; sourceTree = "<group>"; };
		1FCD81901B0F1BFD001B217D /* NSDictionary+ASNSDictionaryFilter.h */ = {isa = PBXFileReference; fileEncoding = 4; lastKnownFileType = sourcecode.c.h; path = "NSDictionary+ASNSDictionaryFilter.h"; sourceTree = "<group>"; };
		1FCD81911B0F1BFD001B217D /* NSDictionary+ASNSDictionaryFilter.m */ = {isa = PBXFileReference; fileEncoding = 4; lastKnownFileType = sourcecode.c.objc; path = "NSDictionary+ASNSDictionaryFilter.m"; sourceTree = "<group>"; };
/* End PBXFileReference section */

/* Begin PBXFrameworksBuildPhase section */
		1FCD815D1B0B93E2001B217D /* Frameworks */ = {
			isa = PBXFrameworksBuildPhase;
			buildActionMask = 2147483647;
			files = (
			);
			runOnlyForDeploymentPostprocessing = 0;
		};
		1FCD81761B0B93E3001B217D /* Frameworks */ = {
			isa = PBXFrameworksBuildPhase;
			buildActionMask = 2147483647;
			files = (
			);
			runOnlyForDeploymentPostprocessing = 0;
		};
/* End PBXFrameworksBuildPhase section */

/* Begin PBXGroup section */
		1FCD81571B0B93E2001B217D = {
			isa = PBXGroup;
			children = (
				1FCD81621B0B93E2001B217D /* AppSource */,
				1FCD817C1B0B93E3001B217D /* AppSourceTests */,
				1FCD81611B0B93E2001B217D /* Products */,
			);
			sourceTree = "<group>";
		};
		1FCD81611B0B93E2001B217D /* Products */ = {
			isa = PBXGroup;
			children = (
				1FCD81601B0B93E2001B217D /* AppSource.app */,
				1FCD81791B0B93E3001B217D /* AppSourceTests.xctest */,
			);
			name = Products;
			sourceTree = "<group>";
		};
		1FCD81621B0B93E2001B217D /* AppSource */ = {
			isa = PBXGroup;
			children = (
				1FCD81891B0B943D001B217D /* Source */,
				1FCD81671B0B93E2001B217D /* AppDelegate.h */,
				1FCD81681B0B93E2001B217D /* AppDelegate.m */,
				1FCD816A1B0B93E2001B217D /* ViewController.h */,
				1FCD816B1B0B93E2001B217D /* ViewController.m */,
				1FCD816D1B0B93E2001B217D /* Main.storyboard */,
				1FCD81701B0B93E2001B217D /* Images.xcassets */,
				1FCD81721B0B93E2001B217D /* LaunchScreen.xib */,
				1FCD81631B0B93E2001B217D /* Supporting Files */,
			);
			path = AppSource;
			sourceTree = "<group>";
		};
		1FCD81631B0B93E2001B217D /* Supporting Files */ = {
			isa = PBXGroup;
			children = (
				1FCD81641B0B93E2001B217D /* Info.plist */,
				1FCD81651B0B93E2001B217D /* main.m */,
			);
			name = "Supporting Files";
			sourceTree = "<group>";
		};
		1FCD817C1B0B93E3001B217D /* AppSourceTests */ = {
			isa = PBXGroup;
			children = (
				1FCD817F1B0B93E3001B217D /* AppSourceTests.m */,
				1FCD817D1B0B93E3001B217D /* Supporting Files */,
			);
			path = AppSourceTests;
			sourceTree = "<group>";
		};
		1FCD817D1B0B93E3001B217D /* Supporting Files */ = {
			isa = PBXGroup;
			children = (
				1FCD817E1B0B93E3001B217D /* Info.plist */,
			);
			name = "Supporting Files";
			sourceTree = "<group>";
		};
		1FCD81891B0B943D001B217D /* Source */ = {
			isa = PBXGroup;
			children = (
				1FCD818A1B0B9506001B217D /* ASAppSource.h */,
				1FCD818B1B0B9506001B217D /* ASAppSource.m */,
				1FCD818D1B0C3BDD001B217D /* ASAppMetadata.h */,
				1FCD818E1B0C3BDD001B217D /* ASAppMetadata.m */,
				1FCD81901B0F1BFD001B217D /* NSDictionary+ASNSDictionaryFilter.h */,
				1FCD81911B0F1BFD001B217D /* NSDictionary+ASNSDictionaryFilter.m */,
			);
			name = Source;
			sourceTree = "<group>";
		};
/* End PBXGroup section */

/* Begin PBXNativeTarget section */
		1FCD815F1B0B93E2001B217D /* AppSource */ = {
			isa = PBXNativeTarget;
			buildConfigurationList = 1FCD81831B0B93E3001B217D /* Build configuration list for PBXNativeTarget "AppSource" */;
			buildPhases = (
				1FCD815C1B0B93E2001B217D /* Sources */,
				1FCD815D1B0B93E2001B217D /* Frameworks */,
				1FCD815E1B0B93E2001B217D /* Resources */,
			);
			buildRules = (
			);
			dependencies = (
			);
			name = AppSource;
			productName = AppSource;
			productReference = 1FCD81601B0B93E2001B217D /* AppSource.app */;
			productType = "com.apple.product-type.application";
		};
		1FCD81781B0B93E3001B217D /* AppSourceTests */ = {
			isa = PBXNativeTarget;
			buildConfigurationList = 1FCD81861B0B93E3001B217D /* Build configuration list for PBXNativeTarget "AppSourceTests" */;
			buildPhases = (
				1FCD81751B0B93E3001B217D /* Sources */,
				1FCD81761B0B93E3001B217D /* Frameworks */,
				1FCD81771B0B93E3001B217D /* Resources */,
			);
			buildRules = (
			);
			dependencies = (
				1FCD817B1B0B93E3001B217D /* PBXTargetDependency */,
			);
			name = AppSourceTests;
			productName = AppSourceTests;
			productReference = 1FCD81791B0B93E3001B217D /* AppSourceTests.xctest */;
			productType = "com.apple.product-type.bundle.unit-test";
		};
/* End PBXNativeTarget section */

/* Begin PBXProject section */
		1FCD81581B0B93E2001B217D /* Project object */ = {
			isa = PBXProject;
			attributes = {
				LastUpgradeCheck = 0640;
				ORGANIZATIONNAME = DjangoZhang;
				TargetAttributes = {
					1FCD815F1B0B93E2001B217D = {
						CreatedOnToolsVersion = 6.3.2;
					};
					1FCD81781B0B93E3001B217D = {
						CreatedOnToolsVersion = 6.3.2;
						TestTargetID = 1FCD815F1B0B93E2001B217D;
					};
				};
			};
			buildConfigurationList = 1FCD815B1B0B93E2001B217D /* Build configuration list for PBXProject "AppSource" */;
			compatibilityVersion = "Xcode 3.2";
			developmentRegion = English;
			hasScannedForEncodings = 0;
			knownRegions = (
				en,
				Base,
			);
			mainGroup = 1FCD81571B0B93E2001B217D;
			productRefGroup = 1FCD81611B0B93E2001B217D /* Products */;
			projectDirPath = "";
			projectRoot = "";
			targets = (
				1FCD815F1B0B93E2001B217D /* AppSource */,
				1FCD81781B0B93E3001B217D /* AppSourceTests */,
			);
		};
/* End PBXProject section */

/* Begin PBXResourcesBuildPhase section */
		1FCD815E1B0B93E2001B217D /* Resources */ = {
			isa = PBXResourcesBuildPhase;
			buildActionMask = 2147483647;
			files = (
				1FCD816F1B0B93E2001B217D /* Main.storyboard in Resources */,
				1FCD81741B0B93E2001B217D /* LaunchScreen.xib in Resources */,
				1FCD81711B0B93E2001B217D /* Images.xcassets in Resources */,
			);
			runOnlyForDeploymentPostprocessing = 0;
		};
		1FCD81771B0B93E3001B217D /* Resources */ = {
			isa = PBXResourcesBuildPhase;
			buildActionMask = 2147483647;
			files = (
			);
			runOnlyForDeploymentPostprocessing = 0;
		};
/* End PBXResourcesBuildPhase section */

/* Begin PBXSourcesBuildPhase section */
		1FCD815C1B0B93E2001B217D /* Sources */ = {
			isa = PBXSourcesBuildPhase;
			buildActionMask = 2147483647;
			files = (
				1FCD818F1B0C3BDD001B217D /* ASAppMetadata.m in Sources */,
				1FCD816C1B0B93E2001B217D /* ViewController.m in Sources */,
				1FCD81691B0B93E2001B217D /* AppDelegate.m in Sources */,
				1FCD818C1B0B9506001B217D /* ASAppSource.m in Sources */,
				1FCD81661B0B93E2001B217D /* main.m in Sources */,
				1FCD81921B0F1BFD001B217D /* NSDictionary+ASNSDictionaryFilter.m in Sources */,
			);
			runOnlyForDeploymentPostprocessing = 0;
		};
		1FCD81751B0B93E3001B217D /* Sources */ = {
			isa = PBXSourcesBuildPhase;
			buildActionMask = 2147483647;
			files = (
				1FCD81801B0B93E3001B217D /* AppSourceTests.m in Sources */,
			);
			runOnlyForDeploymentPostprocessing = 0;
		};
/* End PBXSourcesBuildPhase section */

/* Begin PBXTargetDependency section */
		1FCD817B1B0B93E3001B217D /* PBXTargetDependency */ = {
			isa = PBXTargetDependency;
			target = 1FCD815F1B0B93E2001B217D /* AppSource */;
			targetProxy = 1FCD817A1B0B93E3001B217D /* PBXContainerItemProxy */;
		};
/* End PBXTargetDependency section */

/* Begin PBXVariantGroup section */
		1FCD816D1B0B93E2001B217D /* Main.storyboard */ = {
			isa = PBXVariantGroup;
			children = (
				1FCD816E1B0B93E2001B217D /* Base */,
			);
			name = Main.storyboard;
			sourceTree = "<group>";
		};
		1FCD81721B0B93E2001B217D /* LaunchScreen.xib */ = {
			isa = PBXVariantGroup;
			children = (
				1FCD81731B0B93E2001B217D /* Base */,
			);
			name = LaunchScreen.xib;
			sourceTree = "<group>";
		};
/* End PBXVariantGroup section */

/* Begin XCBuildConfiguration section */
		1FCD81811B0B93E3001B217D /* Debug */ = {
			isa = XCBuildConfiguration;
			buildSettings = {
				ALWAYS_SEARCH_USER_PATHS = NO;
				CLANG_CXX_LANGUAGE_STANDARD = "gnu++0x";
				CLANG_CXX_LIBRARY = "libc++";
				CLANG_ENABLE_MODULES = YES;
				CLANG_ENABLE_OBJC_ARC = YES;
				CLANG_WARN_BOOL_CONVERSION = YES;
				CLANG_WARN_CONSTANT_CONVERSION = YES;
				CLANG_WARN_DIRECT_OBJC_ISA_USAGE = YES_ERROR;
				CLANG_WARN_EMPTY_BODY = YES;
				CLANG_WARN_ENUM_CONVERSION = YES;
				CLANG_WARN_INT_CONVERSION = YES;
				CLANG_WARN_OBJC_ROOT_CLASS = YES_ERROR;
				CLANG_WARN_UNREACHABLE_CODE = YES;
				CLANG_WARN__DUPLICATE_METHOD_MATCH = YES;
				"CODE_SIGN_IDENTITY[sdk=iphoneos*]" = "iPhone Developer";
				COPY_PHASE_STRIP = NO;
				DEBUG_INFORMATION_FORMAT = "dwarf-with-dsym";
				ENABLE_STRICT_OBJC_MSGSEND = YES;
				GCC_C_LANGUAGE_STANDARD = gnu99;
				GCC_DYNAMIC_NO_PIC = NO;
				GCC_NO_COMMON_BLOCKS = YES;
				GCC_OPTIMIZATION_LEVEL = 0;
				GCC_PREPROCESSOR_DEFINITIONS = (
					"DEBUG=1",
					"$(inherited)",
				);
				GCC_SYMBOLS_PRIVATE_EXTERN = NO;
				GCC_WARN_64_TO_32_BIT_CONVERSION = YES;
				GCC_WARN_ABOUT_RETURN_TYPE = YES_ERROR;
				GCC_WARN_UNDECLARED_SELECTOR = YES;
				GCC_WARN_UNINITIALIZED_AUTOS = YES_AGGRESSIVE;
				GCC_WARN_UNUSED_FUNCTION = YES;
				GCC_WARN_UNUSED_VARIABLE = YES;
				IPHONEOS_DEPLOYMENT_TARGET = 8.3;
				MTL_ENABLE_DEBUG_INFO = YES;
				ONLY_ACTIVE_ARCH = YES;
				SDKROOT = iphoneos;
			};
			name = Debug;
		};
		1FCD81821B0B93E3001B217D /* Release */ = {
			isa = XCBuildConfiguration;
			buildSettings = {
				ALWAYS_SEARCH_USER_PATHS = NO;
				CLANG_CXX_LANGUAGE_STANDARD = "gnu++0x";
				CLANG_CXX_LIBRARY = "libc++";
				CLANG_ENABLE_MODULES = YES;
				CLANG_ENABLE_OBJC_ARC = YES;
				CLANG_WARN_BOOL_CONVERSION = YES;
				CLANG_WARN_CONSTANT_CONVERSION = YES;
				CLANG_WARN_DIRECT_OBJC_ISA_USAGE = YES_ERROR;
				CLANG_WARN_EMPTY_BODY = YES;
				CLANG_WARN_ENUM_CONVERSION = YES;
				CLANG_WARN_INT_CONVERSION = YES;
				CLANG_WARN_OBJC_ROOT_CLASS = YES_ERROR;
				CLANG_WARN_UNREACHABLE_CODE = YES;
				CLANG_WARN__DUPLICATE_METHOD_MATCH = YES;
				"CODE_SIGN_IDENTITY[sdk=iphoneos*]" = "iPhone Developer";
				COPY_PHASE_STRIP = NO;
				DEBUG_INFORMATION_FORMAT = "dwarf-with-dsym";
				ENABLE_NS_ASSERTIONS = NO;
				ENABLE_STRICT_OBJC_MSGSEND = YES;
				GCC_C_LANGUAGE_STANDARD = gnu99;
				GCC_NO_COMMON_BLOCKS = YES;
				GCC_WARN_64_TO_32_BIT_CONVERSION = YES;
				GCC_WARN_ABOUT_RETURN_TYPE = YES_ERROR;
				GCC_WARN_UNDECLARED_SELECTOR = YES;
				GCC_WARN_UNINITIALIZED_AUTOS = YES_AGGRESSIVE;
				GCC_WARN_UNUSED_FUNCTION = YES;
				GCC_WARN_UNUSED_VARIABLE = YES;
				IPHONEOS_DEPLOYMENT_TARGET = 8.3;
				MTL_ENABLE_DEBUG_INFO = NO;
				SDKROOT = iphoneos;
				VALIDATE_PRODUCT = YES;
			};
			name = Release;
		};
		1FCD81841B0B93E3001B217D /* Debug */ = {
			isa = XCBuildConfiguration;
			buildSettings = {
				ASSETCATALOG_COMPILER_APPICON_NAME = AppIcon;
				INFOPLIST_FILE = AppSource/Info.plist;
				LD_RUNPATH_SEARCH_PATHS = "$(inherited) @executable_path/Frameworks";
				PRODUCT_NAME = "$(TARGET_NAME)";
			};
			name = Debug;
		};
		1FCD81851B0B93E3001B217D /* Release */ = {
			isa = XCBuildConfiguration;
			buildSettings = {
				ASSETCATALOG_COMPILER_APPICON_NAME = AppIcon;
				INFOPLIST_FILE = AppSource/Info.plist;
				LD_RUNPATH_SEARCH_PATHS = "$(inherited) @executable_path/Frameworks";
				PRODUCT_NAME = "$(TARGET_NAME)";
			};
			name = Release;
		};
		1FCD81871B0B93E3001B217D /* Debug */ = {
			isa = XCBuildConfiguration;
			buildSettings = {
				BUNDLE_LOADER = "$(TEST_HOST)";
				FRAMEWORK_SEARCH_PATHS = (
					"$(SDKROOT)/Developer/Library/Frameworks",
					"$(inherited)",
				);
				GCC_PREPROCESSOR_DEFINITIONS = (
					"DEBUG=1",
					"$(inherited)",
				);
				INFOPLIST_FILE = AppSourceTests/Info.plist;
				LD_RUNPATH_SEARCH_PATHS = "$(inherited) @executable_path/Frameworks @loader_path/Frameworks";
				PRODUCT_NAME = "$(TARGET_NAME)";
				TEST_HOST = "$(BUILT_PRODUCTS_DIR)/AppSource.app/AppSource";
			};
			name = Debug;
		};
		1FCD81881B0B93E3001B217D /* Release */ = {
			isa = XCBuildConfiguration;
			buildSettings = {
				BUNDLE_LOADER = "$(TEST_HOST)";
				FRAMEWORK_SEARCH_PATHS = (
					"$(SDKROOT)/Developer/Library/Frameworks",
					"$(inherited)",
				);
				INFOPLIST_FILE = AppSourceTests/Info.plist;
				LD_RUNPATH_SEARCH_PATHS = "$(inherited) @executable_path/Frameworks @loader_path/Frameworks";
				PRODUCT_NAME = "$(TARGET_NAME)";
				TEST_HOST = "$(BUILT_PRODUCTS_DIR)/AppSource.app/AppSource";
			};
			name = Release;
		};
/* End XCBuildConfiguration section */

/* Begin XCConfigurationList section */
		1FCD815B1B0B93E2001B217D /* Build configuration list for PBXProject "AppSource" */ = {
			isa = XCConfigurationList;
			buildConfigurations = (
				1FCD81811B0B93E3001B217D /* Debug */,
				1FCD81821B0B93E3001B217D /* Release */,
			);
			defaultConfigurationIsVisible = 0;
			defaultConfigurationName = Release;
		};
		1FCD81831B0B93E3001B217D /* Build configuration list for PBXNativeTarget "AppSource" */ = {
			isa = XCConfigurationList;
			buildConfigurations = (
				1FCD81841B0B93E3001B217D /* Debug */,
				1FCD81851B0B93E3001B217D /* Release */,
			);
			defaultConfigurationIsVisible = 0;
			defaultConfigurationName = Release;
		};
		1FCD81861B0B93E3001B217D /* Build configuration list for PBXNativeTarget "AppSourceTests" */ = {
			isa = XCConfigurationList;
			buildConfigurations = (
				1FCD81871B0B93E3001B217D /* Debug */,
				1FCD81881B0B93E3001B217D /* Release */,
			);
			defaultConfigurationIsVisible = 0;
			defaultConfigurationName = Release;
		};
/* End XCConfigurationList section */
	};
	rootObject = 1FCD81581B0B93E2001B217D /* Project object */;
}
